
Microsoft Visual Studio Solution File, Format Version 12.00
# Visual Studio Version 17
VisualStudioVersion = 17.10.35201.131
MinimumVisualStudioVersion = 10.0.40219.1
Project("{9A19103F-16F7-4668-BE54-9A1E7A4F7556}") = "Rira_TohidBadri_Crud.Peresentation", "Rira_TohidBadri_Crud.Peresentation\Rira_TohidBadri_Crud.Peresentation.csproj", "{E61499D5-0598-40F4-9009-FB535A41C1F7}"
EndProject
Project("{9A19103F-16F7-4668-BE54-9A1E7A4F7556}") = "Rira_TohidBadri_Crud.Application", "Rira_TohidBadri_Crud.Application\Rira_TohidBadri_Crud.Application.csproj", "{74312825-2A56-48D9-A565-5B97F5444EDC}"
EndProject
Project("{9A19103F-16F7-4668-BE54-9A1E7A4F7556}") = "Rira_TohidBadri_Crud.Domain", "Rira_TohidBadri_Crud.Domain\Rira_TohidBadri_Crud.Domain.csproj", "{1FB451FA-E0F7-45E1-BA2E-5342CAC42108}"
EndProject
Project("{9A19103F-16F7-4668-BE54-9A1E7A4F7556}") = "Rira_TohidBadri_Crud.Infrastructure", "Rira_TohidBadri_Crud.Infrastructure\Rira_TohidBadri_Crud.Infrastructure.csproj", "{AEB554E3-F562-4230-ABCC-2D7BC98F95C4}"
EndProject
Project("{9A19103F-16F7-4668-BE54-9A1E7A4F7556}") = "Rira_TohidBadri_Crud.Contract", "Rira_TohidBadri_Crud.Contract\Rira_TohidBadri_Crud.Contract.csproj", "{F24C2A19-4914-4363-B58B-82F1FBC7CB7C}"
EndProject
Project("{FAE04EC0-301F-11D3-BF4B-00C04F79EFBC}") = "Rira_TohidBadri_Crud.GRPC", "Rira_TohidBadri_Crud.GRPC\Rira_TohidBadri_Crud.GRPC.csproj", "{9002D773-4D28-4D14-965B-A92934D409F2}"
EndProject
Global
	GlobalSection(SolutionConfigurationPlatforms) = preSolution
		Debug|Any CPU = Debug|Any CPU
		Release|Any CPU = Release|Any CPU
	EndGlobalSection
	GlobalSection(ProjectConfigurationPlatforms) = postSolution
		{E61499D5-0598-40F4-9009-FB535A41C1F7}.Debug|Any CPU.ActiveCfg = Debug|Any CPU
		{E61499D5-0598-40F4-9009-FB535A41C1F7}.Debug|Any CPU.Build.0 = Debug|Any CPU
		{E61499D5-0598-40F4-9009-FB535A41C1F7}.Release|Any CPU.ActiveCfg = Release|Any CPU
		{E61499D5-0598-40F4-9009-FB535A41C1F7}.Release|Any CPU.Build.0 = Release|Any CPU
		{74312825-2A56-48D9-A565-5B97F5444EDC}.Debug|Any CPU.ActiveCfg = Debug|Any CPU
		{74312825-2A56-48D9-A565-5B97F5444EDC}.Debug|Any CPU.Build.0 = Debug|Any CPU
		{74312825-2A56-48D9-A565-5B97F5444EDC}.Release|Any CPU.ActiveCfg = Release|Any CPU
		{74312825-2A56-48D9-A565-5B97F5444EDC}.Release|Any CPU.Build.0 = Release|Any CPU
		{1FB451FA-E0F7-45E1-BA2E-5342CAC42108}.Debug|Any CPU.ActiveCfg = Debug|Any CPU
		{1FB451FA-E0F7-45E1-BA2E-5342CAC42108}.Debug|Any CPU.Build.0 = Debug|Any CPU
		{1FB451FA-E0F7-45E1-BA2E-5342CAC42108}.Release|Any CPU.ActiveCfg = Release|Any CPU
		{1FB451FA-E0F7-45E1-BA2E-5342CAC42108}.Release|Any CPU.Build.0 = Release|Any CPU
		{AEB554E3-F562-4230-ABCC-2D7BC98F95C4}.Debug|Any CPU.ActiveCfg = Debug|Any CPU
		{AEB554E3-F562-4230-ABCC-2D7BC98F95C4}.Debug|Any CPU.Build.0 = Debug|Any CPU
		{AEB554E3-F562-4230-ABCC-2D7BC98F95C4}.Release|Any CPU.ActiveCfg = Release|Any CPU
		{AEB554E3-F562-4230-ABCC-2D7BC98F95C4}.Release|Any CPU.Build.0 = Release|Any CPU
		{F24C2A19-4914-4363-B58B-82F1FBC7CB7C}.Debug|Any CPU.ActiveCfg = Debug|Any CPU
		{F24C2A19-4914-4363-B58B-82F1FBC7CB7C}.Debug|Any CPU.Build.0 = Debug|Any CPU
		{F24C2A19-4914-4363-B58B-82F1FBC7CB7C}.Release|Any CPU.ActiveCfg = Release|Any CPU
		{F24C2A19-4914-4363-B58B-82F1FBC7CB7C}.Release|Any CPU.Build.0 = Release|Any CPU
		{9002D773-4D28-4D14-965B-A92934D409F2}.Debug|Any CPU.ActiveCfg = Debug|Any CPU
		{9002D773-4D28-4D14-965B-A92934D409F2}.Debug|Any CPU.Build.0 = Debug|Any CPU
		{9002D773-4D28-4D14-965B-A92934D409F2}.Release|Any CPU.ActiveCfg = Release|Any CPU
		{9002D773-4D28-4D14-965B-A92934D409F2}.Release|Any CPU.Build.0 = Release|Any CPU
	EndGlobalSection
	GlobalSection(SolutionProperties) = preSolution
		HideSolutionNode = FALSE
	EndGlobalSection
	GlobalSection(ExtensibilityGlobals) = postSolution
		SolutionGuid = {CE6DF906-7C7D-4E44-A5DE-84834E17C3D0}
	EndGlobalSection
EndGlobal
